
Microsoft Visual Studio Solution File, Format Version 12.00
# Visual Studio Version 17
VisualStudioVersion = 17.9.34714.143
MinimumVisualStudioVersion = 10.0.40219.1
Project("{FAE04EC0-301F-11D3-BF4B-00C04F79EFBC}") = "pencarianDekstop", "pencarianDekstop.csproj", "{32127D03-1286-4B0B-87FE-FBB32682B69A}"
EndProject
Global
	GlobalSection(SolutionConfigurationPlatforms) = preSolution
		Debug|Any CPU = Debug|Any CPU
		Release|Any CPU = Release|Any CPU
	EndGlobalSection
	GlobalSection(ProjectConfigurationPlatforms) = postSolution
		{32127D03-1286-4B0B-87FE-FBB32682B69A}.Debug|Any CPU.ActiveCfg = Debug|Any CPU
		{32127D03-1286-4B0B-87FE-FBB32682B69A}.Debug|Any CPU.Build.0 = Debug|Any CPU
		{32127D03-1286-4B0B-87FE-FBB32682B69A}.Release|Any CPU.ActiveCfg = Release|Any CPU
		{32127D03-1286-4B0B-87FE-FBB32682B69A}.Release|Any CPU.Build.0 = Release|Any CPU
	EndGlobalSection
	GlobalSection(SolutionProperties) = preSolution
		HideSolutionNode = FALSE
	EndGlobalSection
	GlobalSection(ExtensibilityGlobals) = postSolution
		SolutionGuid = {ED44901B-0F22-4A2B-9707-3FDB8DDFB55F}
	EndGlobalSection
EndGlobal
